lockfileVersion: 5.4

specifiers:
  dotenv: ^10.0.0
  fs-extra: ^10.0.0
  klaw: ^4.0.1
  xxhashjs: ^0.2.2

dependencies:
  dotenv: 10.0.0
  fs-extra: 10.0.0
  klaw: 4.0.1
  xxhashjs: 0.2.2

packages:

  /cuint/0.2.2:
    resolution: {integrity: sha512-d4ZVpCW31eWwCMe1YT3ur7mUDnTXbgwyzaL320DrcRT45rfjYxkt5QWLrmOJ+/UEAI2+fQgKe/fCjR8l4TpRgw==}
    dev: false

  /dotenv/10.0.0:
    resolution: {integrity: sha512-rlBi9d8jpv9Sf1klPjNfFAuWDjKLwTIJJ/VxtoTwIR6hnZxcEOQCZg2oIL3MWBYw5GpUDKOEnND7LXTbIpQ03Q==}
    engines: {node: '>=10'}
    dev: false

  /fs-extra/10.0.0:
    resolution: {integrity: sha512-C5owb14u9eJwizKGdchcDUQeFtlSHHthBk8pbX9Vc1PFZrLombudjDnNns88aYslCyF6IY5SUw3Roz6xShcEIQ==}
    engines: {node: '>=12'}
    dependencies:
      graceful-fs: 4.2.8
      jsonfile: 6.1.0
      universalify: 2.0.0
    dev: false

  /graceful-fs/4.2.8:
    resolution: {integrity: sha512-qkIilPUYcNhJpd33n0GBXTB1MMPp14TxEsEs0pTrsSVucApsYzW5V+Q8Qxhik6KU3evy+qkAAowTByymK0avdg==}
    dev: false

  /jsonfile/6.1.0:
    resolution: {integrity: sha512-5dgndWOriYSm5cnYaJNhalLNDKOqFwyDB/rr1E9ZsGciGvKPs8R2xYGCacuf3z6K1YKDz182fd+fY3cn3pMqXQ==}
    dependencies:
      universalify: 2.0.0
    optionalDependencies:
      graceful-fs: 4.2.8
    dev: false

  /klaw/4.0.1:
    resolution: {integrity: sha512-pgsE40/SvC7st04AHiISNewaIMUbY5V/K8b21ekiPiFoYs/EYSdsGa+FJArB1d441uq4Q8zZyIxvAzkGNlBdRw==}
    engines: {node: '>=14.14.0'}
    dev: false

  /universalify/2.0.0:
    resolution: {integrity: sha512-hAZsKq7Yy11Zu1DE0OzWjw7nnLZmJZYTDZZyEFHZdUhV8FkH5MCfoU1XMaxXovpyW5nq5scPqq0ZDP9Zyl04oQ==}
    engines: {node: '>= 10.0.0'}
    dev: false

  /xxhashjs/0.2.2:
    resolution: {integrity: sha512-AkTuIuVTET12tpsVIQo+ZU6f/qDmKuRUcjaqR+OIvm+aCBsZ95i7UVY5WJ9TMsSaZ0DA2WxoZ4acu0sPH+OKAw==}
    dependencies:
      cuint: 0.2.2
    dev: false
